
Microsoft Visual Studio Solution File, Format Version 12.00
# Visual Studio Version 17
VisualStudioVersion = 17.9.34701.34
MinimumVisualStudioVersion = 10.0.40219.1
Project("{9A19103F-16F7-4668-BE54-9A1E7A4F7556}") = "Hospital.Data", "Hospital.Data\Hospital.Data.csproj", "{296D975B-4001-4EAA-A67B-23CBC074374A}"
EndProject
Project("{9A19103F-16F7-4668-BE54-9A1E7A4F7556}") = "Hospital.Service", "Hospital.Service\Hospital.Service.csproj", "{5C54D6DE-105C-43A7-9FC6-251C4A7F3000}"
EndProject
Project("{9A19103F-16F7-4668-BE54-9A1E7A4F7556}") = "Hospital.ManagmentFlowPatients", "Hospital.ManagmentFlowPatients\Hospital.ManagmentFlowPatients.csproj", "{7448B640-4BA9-4160-8A48-8B556CDBBB92}"
EndProject
Project("{9A19103F-16F7-4668-BE54-9A1E7A4F7556}") = "Hospital.MeasureForPatient", "Hospital.MeasureForPatient\Hospital.MeasureForPatient.csproj", "{ECE595A6-BE95-4767-BC37-17F6E2C64138}"
EndProject
Project("{9A19103F-16F7-4668-BE54-9A1E7A4F7556}") = "Hospital.Console", "Hospital.Console\Hospital.Console.csproj", "{360FE1E8-FD6E-40FF-94DA-A1B282E4CCC6}"
EndProject
Global
	GlobalSection(SolutionConfigurationPlatforms) = preSolution
		Debug|Any CPU = Debug|Any CPU
		Release|Any CPU = Release|Any CPU
	EndGlobalSection
	GlobalSection(ProjectConfigurationPlatforms) = postSolution
		{296D975B-4001-4EAA-A67B-23CBC074374A}.Debug|Any CPU.ActiveCfg = Debug|Any CPU
		{296D975B-4001-4EAA-A67B-23CBC074374A}.Debug|Any CPU.Build.0 = Debug|Any CPU
		{296D975B-4001-4EAA-A67B-23CBC074374A}.Release|Any CPU.ActiveCfg = Release|Any CPU
		{296D975B-4001-4EAA-A67B-23CBC074374A}.Release|Any CPU.Build.0 = Release|Any CPU
		{5C54D6DE-105C-43A7-9FC6-251C4A7F3000}.Debug|Any CPU.ActiveCfg = Debug|Any CPU
		{5C54D6DE-105C-43A7-9FC6-251C4A7F3000}.Debug|Any CPU.Build.0 = Debug|Any CPU
		{5C54D6DE-105C-43A7-9FC6-251C4A7F3000}.Release|Any CPU.ActiveCfg = Release|Any CPU
		{5C54D6DE-105C-43A7-9FC6-251C4A7F3000}.Release|Any CPU.Build.0 = Release|Any CPU
		{7448B640-4BA9-4160-8A48-8B556CDBBB92}.Debug|Any CPU.ActiveCfg = Debug|Any CPU
		{7448B640-4BA9-4160-8A48-8B556CDBBB92}.Debug|Any CPU.Build.0 = Debug|Any CPU
		{7448B640-4BA9-4160-8A48-8B556CDBBB92}.Release|Any CPU.ActiveCfg = Release|Any CPU
		{7448B640-4BA9-4160-8A48-8B556CDBBB92}.Release|Any CPU.Build.0 = Release|Any CPU
		{ECE595A6-BE95-4767-BC37-17F6E2C64138}.Debug|Any CPU.ActiveCfg = Debug|Any CPU
		{ECE595A6-BE95-4767-BC37-17F6E2C64138}.Debug|Any CPU.Build.0 = Debug|Any CPU
		{ECE595A6-BE95-4767-BC37-17F6E2C64138}.Debug|Any CPU.Deploy.0 = Debug|Any CPU
		{ECE595A6-BE95-4767-BC37-17F6E2C64138}.Release|Any CPU.ActiveCfg = Release|Any CPU
		{ECE595A6-BE95-4767-BC37-17F6E2C64138}.Release|Any CPU.Build.0 = Release|Any CPU
		{ECE595A6-BE95-4767-BC37-17F6E2C64138}.Release|Any CPU.Deploy.0 = Release|Any CPU
		{360FE1E8-FD6E-40FF-94DA-A1B282E4CCC6}.Debug|Any CPU.ActiveCfg = Debug|Any CPU
		{360FE1E8-FD6E-40FF-94DA-A1B282E4CCC6}.Debug|Any CPU.Build.0 = Debug|Any CPU
		{360FE1E8-FD6E-40FF-94DA-A1B282E4CCC6}.Release|Any CPU.ActiveCfg = Release|Any CPU
		{360FE1E8-FD6E-40FF-94DA-A1B282E4CCC6}.Release|Any CPU.Build.0 = Release|Any CPU
	EndGlobalSection
	GlobalSection(SolutionProperties) = preSolution
		HideSolutionNode = FALSE
	EndGlobalSection
	GlobalSection(ExtensibilityGlobals) = postSolution
		SolutionGuid = {879EC150-4731-4A2C-A47C-9C05ED2D28A6}
	EndGlobalSection
EndGlobal
